# THIS IS AN AUTOGENERATED FILE. DO NOT EDIT THIS FILE DIRECTLY.
# yarn lockfile v1


"@babel/runtime@^7.12.5", "@babel/runtime@^7.14.0":
  version "7.21.0"
  resolved "https://registry.npmjs.org/@babel/runtime/-/runtime-7.21.0.tgz"
  integrity sha512-xwII0//EObnq89Ji5AKYQaRYiW/nZ3llSv29d49IuxPhKbtJoLP+9QUUZ4nVragQVtaVGeZrpB+ZtG/Pdy/POw==
  dependencies:
    regenerator-runtime "^0.13.11"

"@bevacqua/rome@^3.0.4":
  version "3.0.4"
  resolved "https://registry.npmjs.org/@bevacqua/rome/-/rome-3.0.4.tgz"
  integrity sha512-7xQiqpjYyrCg/LmeZAdMCtOLf0tJVHtOXARVbCfm95sDOS83m+ZyAUGgQucRElfgnDMG6ivYNJ6RyK5D/9zrJg==
  dependencies:
    bullseye "1.4.6"
    contra "^1.9.4"
    crossvent "1.5.0"
    moment "^2.8.2"

"@types/raf@^3.4.0":
  version "3.4.0"
  resolved "https://registry.npmjs.org/@types/raf/-/raf-3.4.0.tgz"
  integrity sha512-taW5/WYqo36N7V39oYyHP9Ipfd5pNFvGTIQsNGj86xV88YQ7GnI30/yMfKDF7Zgin0m3e+ikX88FvImnK4RjGw==

ajv@^5.0.0:
  version "5.5.2"
  resolved "https://registry.yarnpkg.com/ajv/-/ajv-5.5.2.tgz#73b5eeca3fab653e3d3f9422b341ad42205dc965"
  integrity sha512-Ajr4IcMXq/2QmMkEmSvxqfLN5zGmJ92gHXAeOXq1OekoH2rfDNsgdDoL2f7QaRCy7G/E6TpxBVdRuNraMztGHw==
  dependencies:
    co "^4.6.0"
    fast-deep-equal "^1.0.0"
    fast-json-stable-stringify "^2.0.0"
    json-schema-traverse "^0.3.0"

ansi-regex@^5.0.1:
  version "5.0.1"
  resolved "https://registry.npmjs.org/ansi-regex/-/ansi-regex-5.0.1.tgz"
  integrity sha512-quJQXlTSUGL2LH9SUXo8VwsY4soanhgo6LNSm84E1LBcE8s3O0wpdiRzyR9z/ZZJMlMWv37qOOb9pdJlMUEKFQ==

ansi-styles@^4.0.0:
  version "4.3.0"
  resolved "https://registry.npmjs.org/ansi-styles/-/ansi-styles-4.3.0.tgz"
  integrity sha512-zbB9rCJAT1rbjiVDb2hqKFHNYLxgtk8NURxZ3IZwD3F6NtxbXZQCnnSi1Lkx+IDohdPlFp222wVALIheZJQSEg==
  dependencies:
    color-convert "^2.0.1"

atoa@1.0.0:
  version "1.0.0"
  resolved "https://registry.npmjs.org/atoa/-/atoa-1.0.0.tgz"
  integrity sha512-VVE1H6cc4ai+ZXo/CRWoJiHXrA1qfA31DPnx6D20+kSI547hQN5Greh51LQ1baMRMfxO5K5M4ImMtZbZt2DODQ==

atob@^2.1.2:
  version "2.1.2"
  resolved "https://registry.npmjs.org/atob/-/atob-2.1.2.tgz"
  integrity sha512-Wm6ukoaOGJi/73p/cl2GvLjTI5JM1k/O14isD73YML8StrH/7/lRFgmg8nICZgD3bZZvjwCGxtMOD3wWNAu8cg==

base64-arraybuffer@^1.0.2:
  version "1.0.2"
  resolved "https://registry.npmjs.org/base64-arraybuffer/-/base64-arraybuffer-1.0.2.tgz"
  integrity sha512-I3yl4r9QB5ZRY3XuJVEPfc2XhZO6YweFPI+UovAzn+8/hb3oJ6lnysaFcjVpkCPfVWFUDvoZ8kmVDP7WyRtYtQ==

big.js@^5.2.2:
  version "5.2.2"
  resolved "https://registry.yarnpkg.com/big.js/-/big.js-5.2.2.tgz#65f0af382f578bcdc742bd9c281e9cb2d7768328"
  integrity sha512-vyL2OymJxmarO8gxMr0mhChsO9QGwhynfuu4+MHTAW6czfq9humCB7rKpUjDd9YUiDPU4mzpyupFSvOClAwbmQ==

btoa@^1.2.1:
  version "1.2.1"
  resolved "https://registry.npmjs.org/btoa/-/btoa-1.2.1.tgz"
  integrity sha512-SB4/MIGlsiVkMcHmT+pSmIPoNDoHg+7cMzmt3Uxt628MTz2487DKSqK/fuhFBrkuqrYv5UCEnACpF4dTFNKc/g==

bullseye@1.4.6:
  version "1.4.6"
  resolved "https://registry.npmjs.org/bullseye/-/bullseye-1.4.6.tgz"
  integrity sha512-7Y69O3EPzT5g9D3J6zcVKyufX2g5HvzdDgcuebvmAXgcD7FvAOvRsEMcPBqI/oOEJOj4FSdBxRu0PoyIuHcmAw==
  dependencies:
    crossvent "^1.3.1"
    seleccion "2.0.0"
    sell "^1.0.0"

canvg@^3.0.6:
  version "3.0.10"
  resolved "https://registry.npmjs.org/canvg/-/canvg-3.0.10.tgz"
  integrity sha512-qwR2FRNO9NlzTeKIPIKpnTY6fqwuYSequ8Ru8c0YkYU7U0oW+hLUvWadLvAu1Rl72OMNiFhoLu4f8eUjQ7l/+Q==
  dependencies:
    "@babel/runtime" "^7.12.5"
    "@types/raf" "^3.4.0"
    core-js "^3.8.3"
    raf "^3.4.1"
    regenerator-runtime "^0.13.7"
    rgbcolor "^1.0.1"
    stackblur-canvas "^2.0.0"
    svg-pathdata "^6.0.3"

cliui@^8.0.1:
  version "8.0.1"
  resolved "https://registry.npmjs.org/cliui/-/cliui-8.0.1.tgz"
  integrity sha512-BSeNnyus75C4//NQ9gQt1/csTXyo/8Sb+afLAkzAptFuMsod9HFokGNudZpi/oQV73hnVK+sR+5PVRMd+Dr7YQ==
  dependencies:
    string-width "^4.2.0"
    strip-ansi "^6.0.1"
    wrap-ansi "^7.0.0"

co@^4.6.0:
  version "4.6.0"
  resolved "https://registry.yarnpkg.com/co/-/co-4.6.0.tgz#6ea6bdf3d853ae54ccb8e47bfa0bf3f9031fb184"
  integrity sha512-QVb0dM5HvG+uaxitm8wONl7jltx8dqhfU33DcqtOZcLSVIKSDDLDi7+0LbAKiyI8hD9u42m2YxXSkMGWThaecQ==

color-convert@^2.0.1:
  version "2.0.1"
  resolved "https://registry.npmjs.org/color-convert/-/color-convert-2.0.1.tgz"
  integrity sha512-RRECPsj7iu/xb5oKYcsFHSppFNnsj/52OVTRKb4zP5onXwVF3zVmmToNcOfGC+CRDpfK/U584fMg38ZHCaElKQ==
  dependencies:
    color-name "~1.1.4"

color-name@~1.1.4:
  version "1.1.4"
  resolved "https://registry.npmjs.org/color-name/-/color-name-1.1.4.tgz"
  integrity sha512-dOy+3AuW3a2wNbZHIuMZpTcgjGuLU/uBL/ubcZF9OXbDo8ff4O8yVp5Bf0efS8uEoYo5q4Fx7dY9OgQGXgAsQA==

contra@^1.9.4:
  version "1.9.4"
  resolved "https://registry.npmjs.org/contra/-/contra-1.9.4.tgz"
  integrity sha512-N9ArHAqwR/lhPq4OdIAwH4e1btn6EIZMAz4TazjnzCiVECcWUPTma+dRAM38ERImEJBh8NiCCpjoQruSZ+agYg==
  dependencies:
    atoa "1.0.0"
    ticky "1.0.1"

core-js@^3.6.0, core-js@^3.8.3:
  version "3.29.1"
  resolved "https://registry.npmjs.org/core-js/-/core-js-3.29.1.tgz"
  integrity sha512-+jwgnhg6cQxKYIIjGtAHq2nwUOolo9eoFZ4sHfUH09BLXBgxnH4gA0zEd+t+BO2cNB8idaBtZFcFTRjQJRJmAw==

crossvent@1.5.0, crossvent@^1.3.1:
  version "1.5.0"
  resolved "https://registry.npmjs.org/crossvent/-/crossvent-1.5.0.tgz"
  integrity sha512-jt1QxLWytu7YGx3rPFm3K34/NJ55ryj6D50GloC8j+m9djy5rAUSG7Z/cavtMODXKMJunQb5sl809A3vCC7tkA==
  dependencies:
    custom-event "1.0.0"

css-line-break@^2.1.0:
  version "2.1.0"
  resolved "https://registry.npmjs.org/css-line-break/-/css-line-break-2.1.0.tgz"
  integrity sha512-FHcKFCZcAha3LwfVBhCQbW2nCNbkZXn7KVUJcsT5/P8YmfsVja0FMPJr0B903j/E69HUphKiV9iQArX8SDYA4w==
  dependencies:
    utrie "^1.0.2"

custom-event@1.0.0:
  version "1.0.0"
  resolved "https://registry.npmjs.org/custom-event/-/custom-event-1.0.0.tgz"
  integrity sha512-6nOXX3UitrmdvSJWoVR2dlzhbX5bEUqmqsMUyx1ypCLZkHHkcuYtdpW3p94RGvcFkTV7DkLo+Ilbwnlwi8L+jw==

dompurify@^2.2.0:
  version "2.4.5"
  resolved "https://registry.npmjs.org/dompurify/-/dompurify-2.4.5.tgz"
  integrity sha512-jggCCd+8Iqp4Tsz0nIvpcb22InKEBrGz5dw3EQJMs8HPJDsKbFIO3STYtAvCfDx26Muevn1MHVI0XxjgFfmiSA==

emoji-regex@^8.0.0:
  version "8.0.0"
  resolved "https://registry.npmjs.org/emoji-regex/-/emoji-regex-8.0.0.tgz"
  integrity sha512-MSjYzcWNOA0ewAHpz0MxpYFvwg6yjy1NG3xteoqz644VCo/RPgnr1/GGt+ic3iJTzQ8Eu3TdM14SawnVUmGE6A==

emojis-list@^3.0.0:
  version "3.0.0"
  resolved "https://registry.yarnpkg.com/emojis-list/-/emojis-list-3.0.0.tgz#5570662046ad29e2e916e71aae260abdff4f6a78"
  integrity sha512-/kyM18EfinwXZbno9FyUGeFh87KC8HRQBQGildHZbEuRyWFOmv1U10o9BBp8XVZDVNNuQKyIGIu5ZYAAXJ0V2Q==

escalade@^3.1.1:
  version "3.1.1"
  resolved "https://registry.npmjs.org/escalade/-/escalade-3.1.1.tgz"
  integrity sha512-k0er2gUkLf8O0zKJiAhmkTnJlTvINGv7ygDNPbeIsX/TJjGJZHuh9B2UxbsaEkmlEo9MfhrSzmhIlhRlI2GXnw==

fast-deep-equal@^1.0.0:
  version "1.1.0"
  resolved "https://registry.yarnpkg.com/fast-deep-equal/-/fast-deep-equal-1.1.0.tgz#c053477817c86b51daa853c81e059b733d023614"
  integrity sha512-fueX787WZKCV0Is4/T2cyAdM4+x1S3MXXOAhavE1ys/W42SHAPacLTQhucja22QBYrfGw50M2sRiXPtTGv9Ymw==

fast-json-stable-stringify@^2.0.0:
  version "2.1.0"
  resolved "https://registry.yarnpkg.com/fast-json-stable-stringify/-/fast-json-stable-stringify-2.1.0.tgz#874bf69c6f404c2b5d99c481341399fd55892633"
  integrity sha512-lhd/wF+Lk98HZoTCtlVraHtfh5XYijIjalXck7saUtuanSDyLMxnHhSXEDJqHxD7msR8D0uCmqlkwjCV8xvwHw==

fflate@^0.4.8:
  version "0.4.8"
  resolved "https://registry.npmjs.org/fflate/-/fflate-0.4.8.tgz"
  integrity sha512-FJqqoDBR00Mdj9ppamLa/Y7vxm+PRmNWA67N846RvsoYVMKB4q3y/de5PA7gUmRMYK/8CMz2GDZQmCRN1wBcWA==

get-caller-file@^2.0.5:
  version "2.0.5"
  resolved "https://registry.npmjs.org/get-caller-file/-/get-caller-file-2.0.5.tgz"
  integrity sha512-DyFP3BM/3YHTQOCUL/w0OZHR0lpKeGrxotcHWcqNEdnltqFwXVfhEBQ94eIo34AfQpo0rGki4cyIiftY06h2Fg==

glob-parent@^6.0.2:
  version "6.0.2"
  resolved "https://registry.npmjs.org/glob-parent/-/glob-parent-6.0.2.tgz"
  integrity sha512-XxwI8EOhVQgWp6iDL+3b0r86f4d6AX6zSU55HfB4ydCEuXLXc5FcYeOu+nnGftS4TEju/11rt4KJPTMgbfmv4A==
  dependencies:
    is-glob "^4.0.3"

html2canvas@^1.0.0-rc.5:
  version "1.4.1"
  resolved "https://registry.npmjs.org/html2canvas/-/html2canvas-1.4.1.tgz"
  integrity sha512-fPU6BHNpsyIhr8yyMpTLLxAbkaK8ArIBcmZIRiBLiDhjeqvXolaEmDGmELFuX9I4xDcaKKcJl+TKZLqruBbmWA==
  dependencies:
    css-line-break "^2.1.0"
    text-segmentation "^1.0.3"

is-extglob@^2.1.1:
  version "2.1.1"
  resolved "https://registry.npmjs.org/is-extglob/-/is-extglob-2.1.1.tgz"
  integrity sha512-SbKbANkN603Vi4jEZv49LeVJMn4yGwsbzZworEoyEiutsN3nJYdbO36zfhGJ6QEDpOZIFkDtnq5JRxmvl3jsoQ==

is-fullwidth-code-point@^3.0.0:
  version "3.0.0"
  resolved "https://registry.npmjs.org/is-fullwidth-code-point/-/is-fullwidth-code-point-3.0.0.tgz"
  integrity sha512-zymm5+u+sCsSWyD9qNaejV3DFvhCKclKdizYaJUuHA83RLjb7nSuGnddCHGv0hk+KY7BMAlsWeK4Ueg6EV6XQg==

is-glob@^4.0.3:
  version "4.0.3"
  resolved "https://registry.npmjs.org/is-glob/-/is-glob-4.0.3.tgz"
  integrity sha512-xelSayHH36ZgE7ZWhli7pW34hNbNl8Ojv5KVmkJD4hBdD3th8Tfk9vYasLM+mXWOZhFkgZfxhLSnrwRr4elSSg==
  dependencies:
    is-extglob "^2.1.1"

json-schema-traverse@^0.3.0:
  version "0.3.1"
  resolved "https://registry.yarnpkg.com/json-schema-traverse/-/json-schema-traverse-0.3.1.tgz#349a6d44c53a51de89b40805c5d5e59b417d3340"
  integrity sha512-4JD/Ivzg7PoW8NzdrBSr3UFwC9mHgvI7Z6z3QGBsSHgKaRTUDmyZAAKJo2UbG1kUVfS9WS8bi36N49U1xw43DA==

json5@^1.0.1, json5@^1.0.2:
  version "1.0.2"
  resolved "https://registry.npmjs.org/json5/-/json5-1.0.2.tgz"
  integrity sha512-g1MWMLBiz8FKi1e4w0UyVL3w+iJceWAFBAaBnnGKOpNa5f8TLktkbre1+s6oICydWAm+HRUGTmI+//xv2hvXYA==
  dependencies:
    minimist "^1.2.0"

jspdf@^2.5.1:
  version "2.5.1"
  resolved "https://registry.npmjs.org/jspdf/-/jspdf-2.5.1.tgz"
  integrity sha512-hXObxz7ZqoyhxET78+XR34Xu2qFGrJJ2I2bE5w4SM8eFaFEkW2xcGRVUss360fYelwRSid/jT078kbNvmoW0QA==
  dependencies:
    "@babel/runtime" "^7.14.0"
    atob "^2.1.2"
    btoa "^1.2.1"
    fflate "^0.4.8"
  optionalDependencies:
    canvg "^3.0.6"
    core-js "^3.6.0"
    dompurify "^2.2.0"
    html2canvas "^1.0.0-rc.5"

loader-utils@^1.0.2:
  version "1.4.2"
  resolved "https://registry.yarnpkg.com/loader-utils/-/loader-utils-1.4.2.tgz#29a957f3a63973883eb684f10ffd3d151fec01a3"
  integrity sha512-I5d00Pd/jwMD2QCduo657+YM/6L3KZu++pmX9VFncxaxvHcru9jx1lBaFft+r4Mt2jK0Yhp41XlRAihzPxHNCg==
  dependencies:
    big.js "^5.2.2"
    emojis-list "^3.0.0"
    json5 "^1.0.1"

loader-utils@^3.2.1:
  version "3.2.1"
  resolved "https://registry.yarnpkg.com/loader-utils/-/loader-utils-3.2.1.tgz#4fb104b599daafd82ef3e1a41fb9265f87e1f576"
  integrity sha512-ZvFw1KWS3GVyYBYb7qkmRM/WwL2TQQBxgCK62rlvm4WpVQ23Nb4tYjApUlfjrEGvOs7KHEsmyUn75OHZrJMWPw==

minimist@^1.2.0:
  version "1.2.8"
  resolved "https://registry.yarnpkg.com/minimist/-/minimist-1.2.8.tgz#c1a464e7693302e082a075cee0c057741ac4772c"
  integrity sha512-2yyAR8qBkN3YuheJanUpWC5U3bb5osDywNB8RzDVlDwDHbocAJveqqj1u8+SVD7jkWT4yvsHCpWqqWqAxb0zCA==

moment@^2.29.4, moment@^2.8.2:
  version "2.29.4"
  resolved "https://registry.npmjs.org/moment/-/moment-2.29.4.tgz"
  integrity sha512-5LC9SOxjSc2HF6vO2CyuTDNivEdoz2IvyJJGj6X8DJ0eFyfszE0QiEd+iXmBvUP3WHxSjFH/vIsA0EN00cgr8w==

node-ensure@^0.0.0:
  version "0.0.0"
  resolved "https://registry.yarnpkg.com/node-ensure/-/node-ensure-0.0.0.tgz#ecae764150de99861ec5c810fd5d096b183932a7"
  integrity sha512-DRI60hzo2oKN1ma0ckc6nQWlHU69RH6xN0sjQTjMpChPfTYvKZdcQFfdYK2RWbJcKyUizSIy/l8OTGxMAM1QDw==

pdfjs-dist@1.9.426:
  version "1.9.426"
  resolved "https://registry.yarnpkg.com/pdfjs-dist/-/pdfjs-dist-1.9.426.tgz#20eb0fd56ccfd10fba053b201e02375ae0c171c4"
  integrity sha512-xsG5wFr6FRy22rkBnRZXF5HtIMOIQeL6RcLppH+zVkSacEpdvBYXjO9e/avJ9J2dST2gk2/IVccrQWhksT0wJQ==
  dependencies:
    node-ensure "^0.0.0"
    worker-loader "^0.8.0"

performance-now@^2.1.0:
  version "2.1.0"
  resolved "https://registry.npmjs.org/performance-now/-/performance-now-2.1.0.tgz"
  integrity sha512-7EAHlyLHI56VEIdK57uwHdHKIaAGbnXPiw0yWbarQZOKaKpvUIgW0jWRVLiatnM+XXlSwsanIBH/hzGMJulMow==

raf@^3.4.1:
  version "3.4.1"
  resolved "https://registry.npmjs.org/raf/-/raf-3.4.1.tgz"
  integrity sha512-Sq4CW4QhwOHE8ucn6J34MqtZCeWFP2aQSmrlroYgqAV1PjStIhJXxYuTgUIfkEk7zTLjmIjLmU5q+fbD1NnOJA==
  dependencies:
    performance-now "^2.1.0"

regenerator-runtime@^0.13.11, regenerator-runtime@^0.13.7:
  version "0.13.11"
  resolved "https://registry.npmjs.org/regenerator-runtime/-/regenerator-runtime-0.13.11.tgz"
  integrity sha512-kY1AZVr2Ra+t+piVaJ4gxaFaReZVH40AKNo7UCX6W+dEwBo/2oZJzqfuN1qLq1oL45o56cPaTXELwrTh8Fpggg==

require-directory@^2.1.1:
  version "2.1.1"
  resolved "https://registry.npmjs.org/require-directory/-/require-directory-2.1.1.tgz"
  integrity sha512-fGxEI7+wsG9xrvdjsrlmL22OMTTiHRwAMroiEeMgq8gzoLC/PQr7RsRDSTLUg/bZAZtF+TVIkHc6/4RIKrui+Q==

rgbcolor@^1.0.1:
  version "1.0.1"
  resolved "https://registry.npmjs.org/rgbcolor/-/rgbcolor-1.0.1.tgz"
  integrity sha512-9aZLIrhRaD97sgVhtJOW6ckOEh6/GnvQtdVNfdZ6s67+3/XwLS9lBcQYzEEhYVeUowN7pRzMLsyGhK2i/xvWbw==

schema-utils@^0.3.0:
  version "0.3.0"
  resolved "https://registry.yarnpkg.com/schema-utils/-/schema-utils-0.3.0.tgz#f5877222ce3e931edae039f17eb3716e7137f8cf"
  integrity sha512-QaVYBaD9U8scJw2EBWnCBY+LJ0AD+/2edTaigDs0XLDLBfJmSUK9KGqktg1rb32U3z4j/XwvFwHHH1YfbYFd7Q==
  dependencies:
    ajv "^5.0.0"

seleccion@2.0.0:
  version "2.0.0"
  resolved "https://registry.npmjs.org/seleccion/-/seleccion-2.0.0.tgz"
  integrity sha512-PhrdUIWfCSpXujtwb2E+v/L4VgOo8KGn860V/Nep57IxL8Mz7vGCZ5yCCMU6IJVt4rE5XG9TRT1tpcXxXYqqcQ==

sell@^1.0.0:
  version "1.0.0"
  resolved "https://registry.npmjs.org/sell/-/sell-1.0.0.tgz"
  integrity sha512-xd3i7H12FAVIfAT4FiWM07pxjqEZj2aPWEDREvF1Yb+gD0AUQvwrY/4/lT+Xb+eGWG2H0avvo963xQQ8ERWhIA==

stackblur-canvas@^2.0.0:
  version "2.5.0"
  resolved "https://registry.npmjs.org/stackblur-canvas/-/stackblur-canvas-2.5.0.tgz"
  integrity sha512-EeNzTVfj+1In7aSLPKDD03F/ly4RxEuF/EX0YcOG0cKoPXs+SLZxDawQbexQDBzwROs4VKLWTOaZQlZkGBFEIQ==

string-width@^4.1.0, string-width@^4.2.0, string-width@^4.2.3:
  version "4.2.3"
  resolved "https://registry.npmjs.org/string-width/-/string-width-4.2.3.tgz"
  integrity sha512-wKyQRQpjJ0sIp62ErSZdGsjMJWsap5oRNihHhu6G7JVO/9jIB6UyevL+tXuOqrng8j/cxKTWyWUwvSTriiZz/g==
  dependencies:
    emoji-regex "^8.0.0"
    is-fullwidth-code-point "^3.0.0"
    strip-ansi "^6.0.1"

strip-ansi@^6.0.0, strip-ansi@^6.0.1:
  version "6.0.1"
  resolved "https://registry.npmjs.org/strip-ansi/-/strip-ansi-6.0.1.tgz"
  integrity sha512-Y38VPSHcqkFrCpFnQ9vuSXmquuv5oXOKpGeT6aGrr3o3Gc9AlVa6JBfUSOCnbxGGZF+/0ooI7KrPuUSztUdU5A==
  dependencies:
    ansi-regex "^5.0.1"

svg-pathdata@^6.0.3:
  version "6.0.3"
  resolved "https://registry.npmjs.org/svg-pathdata/-/svg-pathdata-6.0.3.tgz"
  integrity sha512-qsjeeq5YjBZ5eMdFuUa4ZosMLxgr5RZ+F+Y1OrDhuOCEInRMA3x74XdBtggJcj9kOeInz0WE+LgCPDkZFlBYJw==

text-segmentation@^1.0.3:
  version "1.0.3"
  resolved "https://registry.npmjs.org/text-segmentation/-/text-segmentation-1.0.3.tgz"
  integrity sha512-iOiPUo/BGnZ6+54OsWxZidGCsdU8YbE4PSpdPinp7DeMtUJNJBoJ/ouUSTJjHkh1KntHaltHl/gDs2FC4i5+Nw==
  dependencies:
    utrie "^1.0.2"

ticky@1.0.1:
  version "1.0.1"
  resolved "https://registry.npmjs.org/ticky/-/ticky-1.0.1.tgz"
  integrity sha512-RX35iq/D+lrsqhcPWIazM9ELkjOe30MSeoBHQHSsRwd1YuhJO5ui1K1/R0r7N3mFvbLBs33idw+eR6j+w6i/DA==

utrie@^1.0.2:
  version "1.0.2"
  resolved "https://registry.npmjs.org/utrie/-/utrie-1.0.2.tgz"
  integrity sha512-1MLa5ouZiOmQzUbjbu9VmjLzn1QLXBhwpUa7kdLUQK+KQ5KA9I1vk5U4YHe/X2Ch7PYnJfWuWT+VbuxbGwljhw==
  dependencies:
    base64-arraybuffer "^1.0.2"

worker-loader@^0.8.0:
  version "0.8.1"
  resolved "https://registry.yarnpkg.com/worker-loader/-/worker-loader-0.8.1.tgz#e8e995331ea34df5bf68296824bfb7f0ad578d43"
  integrity sha512-kEFCTNqlJvwOWCHCJeuOl/X2Np28cTKmY5CIpW/B23N2ndMno5Fswz7x/hvilutKoc4i5eedFf0BJ/3V/KPHaw==
  dependencies:
    loader-utils "^1.0.2"
    schema-utils "^0.3.0"

wrap-ansi@^7.0.0:
  version "7.0.0"
  resolved "https://registry.npmjs.org/wrap-ansi/-/wrap-ansi-7.0.0.tgz"
  integrity sha512-YVGIj2kamLSTxw6NsZjoBxfSwsn0ycdesmc4p+Q21c5zPuZ1pl+NfxVdxPtdHvmNVOQ6XSYG4AUtyt/Fi7D16Q==
  dependencies:
    ansi-styles "^4.0.0"
    string-width "^4.1.0"
    strip-ansi "^6.0.0"

y18n@^5.0.5:
  version "5.0.8"
  resolved "https://registry.npmjs.org/y18n/-/y18n-5.0.8.tgz"
  integrity sha512-0pfFzegeDWJHJIAmTLRP2DwHjdF5s7jo9tuztdQxAhINCdvS+3nGINqPd00AphqJR/0LhANUS6/+7SCb98YOfA==

yargs-parser@^21.1.1:
  version "21.1.1"
  resolved "https://registry.yarnpkg.com/yargs-parser/-/yargs-parser-21.1.1.tgz#9096bceebf990d21bb31fa9516e0ede294a77d35"
  integrity sha512-tVpsJW7DdjecAiFpbIB1e3qxIQsE6NoPc5/eTdrbbIC4h0LVsWhnoa3g+m2HclBIujHzsxZ4VJVA+GUuc2/LBw==

yargs@^17.7.1:
  version "17.7.1"
  resolved "https://registry.npmjs.org/yargs/-/yargs-17.7.1.tgz"
  integrity sha512-cwiTb08Xuv5fqF4AovYacTFNxk62th7LKJ6BL9IGUpTJrWoU7/7WdQGTP2SjKf1dUNBGzDd28p/Yfs/GI6JrLw==
  dependencies:
    cliui "^8.0.1"
    escalade "^3.1.1"
    get-caller-file "^2.0.5"
    require-directory "^2.1.1"
    string-width "^4.2.3"
    y18n "^5.0.5"
    yargs-parser "^21.1.1"
